// !$*UTF8*$!
{
	archiveVersion = 1;
	classes = {
	};
	objectVersion = 56;
	objects = {

/* Begin PBXBuildFile section */
		4C4B77373B1C1EC3305A98AA /* Pods_GalleryApp.framework in Frameworks */ = {isa = PBXBuildFile; fileRef = E493FF06DBE9278CD33F3B86 /* Pods_GalleryApp.framework */; };
		912485982B12780D00FCC4F8 /* CoreDataStack.swift in Sources */ = {isa = PBXBuildFile; fileRef = 912485972B12780D00FCC4F8 /* CoreDataStack.swift */; };
		9124859A2B127A6B00FCC4F8 /* InternetConnectivity.swift in Sources */ = {isa = PBXBuildFile; fileRef = 912485992B127A6B00FCC4F8 /* InternetConnectivity.swift */; };
		91946A602B12BB59001973E9 /* ProfileView.storyboard in Resources */ = {isa = PBXBuildFile; fileRef = 91946A5E2B12BB58001973E9 /* ProfileView.storyboard */; };
		91946A612B12BB59001973E9 /* ProfileViewController.swift in Sources */ = {isa = PBXBuildFile; fileRef = 91946A5F2B12BB58001973E9 /* ProfileViewController.swift */; };
		91946A632B12BE26001973E9 /* UIImageView+Ext.swift in Sources */ = {isa = PBXBuildFile; fileRef = 91946A622B12BE26001973E9 /* UIImageView+Ext.swift */; };
		9198FAD92B121DE60064AAB9 /* AppDelegate.swift in Sources */ = {isa = PBXBuildFile; fileRef = 9198FAD82B121DE60064AAB9 /* AppDelegate.swift */; };
		9198FADB2B121DE60064AAB9 /* SceneDelegate.swift in Sources */ = {isa = PBXBuildFile; fileRef = 9198FADA2B121DE60064AAB9 /* SceneDelegate.swift */; };
		9198FADD2B121DE60064AAB9 /* ViewController.swift in Sources */ = {isa = PBXBuildFile; fileRef = 9198FADC2B121DE60064AAB9 /* ViewController.swift */; };
		9198FAE02B121DE60064AAB9 /* Main.storyboard in Resources */ = {isa = PBXBuildFile; fileRef = 9198FADE2B121DE60064AAB9 /* Main.storyboard */; };
		9198FAE22B121DEA0064AAB9 /* Assets.xcassets in Resources */ = {isa = PBXBuildFile; fileRef = 9198FAE12B121DEA0064AAB9 /* Assets.xcassets */; };
		9198FAE52B121DEA0064AAB9 /* LaunchScreen.storyboard in Resources */ = {isa = PBXBuildFile; fileRef = 9198FAE32B121DEA0064AAB9 /* LaunchScreen.storyboard */; };
		9198FAEE2B122C9E0064AAB9 /* LoginViewController.swift in Sources */ = {isa = PBXBuildFile; fileRef = 9198FAED2B122C9E0064AAB9 /* LoginViewController.swift */; };
		9198FAF02B122CAC0064AAB9 /* LoginView.storyboard in Resources */ = {isa = PBXBuildFile; fileRef = 9198FAEF2B122CAC0064AAB9 /* LoginView.storyboard */; };
		9198FAF22B122EB20064AAB9 /* LoginViewModel.swift in Sources */ = {isa = PBXBuildFile; fileRef = 9198FAF12B122EB20064AAB9 /* LoginViewModel.swift */; };
		9198FAF62B1244D00064AAB9 /* ImageListViewController.swift in Sources */ = {isa = PBXBuildFile; fileRef = 9198FAF52B1244D00064AAB9 /* ImageListViewController.swift */; };
		9198FAF92B1244DF0064AAB9 /* ImageListView.storyboard in Resources */ = {isa = PBXBuildFile; fileRef = 9198FAF82B1244DF0064AAB9 /* ImageListView.storyboard */; };
		9198FAFC2B12454E0064AAB9 /* LocalStorage.swift in Sources */ = {isa = PBXBuildFile; fileRef = 9198FAFB2B12454E0064AAB9 /* LocalStorage.swift */; };
		9198FB002B12515A0064AAB9 /* ListViewCell.swift in Sources */ = {isa = PBXBuildFile; fileRef = 9198FAFF2B12515A0064AAB9 /* ListViewCell.swift */; };
		9198FB022B1267AD0064AAB9 /* Networking.swift in Sources */ = {isa = PBXBuildFile; fileRef = 9198FB012B1267AD0064AAB9 /* Networking.swift */; };
		9198FB052B1274B60064AAB9 /* Data Model.xcdatamodeld in Sources */ = {isa = PBXBuildFile; fileRef = 9198FB032B1274B60064AAB9 /* Data Model.xcdatamodeld */; };
/* End PBXBuildFile section */

/* Begin PBXFileReference section */
		912485972B12780D00FCC4F8 /* CoreDataStack.swift */ = {isa = PBXFileReference; lastKnownFileType = sourcecode.swift; path = CoreDataStack.swift; sourceTree = "<group>"; };
		912485992B127A6B00FCC4F8 /* InternetConnectivity.swift */ = {isa = PBXFileReference; lastKnownFileType = sourcecode.swift; path = InternetConnectivity.swift; sourceTree = "<group>"; };
		91946A5E2B12BB58001973E9 /* ProfileView.storyboard */ = {isa = PBXFileReference; fileEncoding = 4; lastKnownFileType = file.storyboard; path = ProfileView.storyboard; sourceTree = "<group>"; };
		91946A5F2B12BB58001973E9 /* ProfileViewController.swift */ = {isa = PBXFileReference; fileEncoding = 4; lastKnownFileType = sourcecode.swift; path = ProfileViewController.swift; sourceTree = "<group>"; };
		91946A622B12BE26001973E9 /* UIImageView+Ext.swift */ = {isa = PBXFileReference; lastKnownFileType = sourcecode.swift; path = "UIImageView+Ext.swift"; sourceTree = "<group>"; };
		9198FAD52B121DE60064AAB9 /* GalleryApp.app */ = {isa = PBXFileReference; explicitFileType = wrapper.application; includeInIndex = 0; path = GalleryApp.app; sourceTree = BUILT_PRODUCTS_DIR; };
		9198FAD82B121DE60064AAB9 /* AppDelegate.swift */ = {isa = PBXFileReference; lastKnownFileType = sourcecode.swift; path = AppDelegate.swift; sourceTree = "<group>"; };
		9198FADA2B121DE60064AAB9 /* SceneDelegate.swift */ = {isa = PBXFileReference; lastKnownFileType = sourcecode.swift; path = SceneDelegate.swift; sourceTree = "<group>"; };
		9198FADC2B121DE60064AAB9 /* ViewController.swift */ = {isa = PBXFileReference; lastKnownFileType = sourcecode.swift; path = ViewController.swift; sourceTree = "<group>"; };
		9198FADF2B121DE60064AAB9 /* Base */ = {isa = PBXFileReference; lastKnownFileType = file.storyboard; name = Base; path = Base.lproj/Main.storyboard; sourceTree = "<group>"; };
		9198FAE12B121DEA0064AAB9 /* Assets.xcassets */ = {isa = PBXFileReference; lastKnownFileType = folder.assetcatalog; path = Assets.xcassets; sourceTree = "<group>"; };
		9198FAE42B121DEA0064AAB9 /* Base */ = {isa = PBXFileReference; lastKnownFileType = file.storyboard; name = Base; path = Base.lproj/LaunchScreen.storyboard; sourceTree = "<group>"; };
		9198FAE62B121DEA0064AAB9 /* Info.plist */ = {isa = PBXFileReference; lastKnownFileType = text.plist.xml; path = Info.plist; sourceTree = "<group>"; };
		9198FAED2B122C9E0064AAB9 /* LoginViewController.swift */ = {isa = PBXFileReference; lastKnownFileType = sourcecode.swift; path = LoginViewController.swift; sourceTree = "<group>"; };
		9198FAEF2B122CAC0064AAB9 /* LoginView.storyboard */ = {isa = PBXFileReference; lastKnownFileType = file.storyboard; path = LoginView.storyboard; sourceTree = "<group>"; };
		9198FAF12B122EB20064AAB9 /* LoginViewModel.swift */ = {isa = PBXFileReference; lastKnownFileType = sourcecode.swift; path = LoginViewModel.swift; sourceTree = "<group>"; };
		9198FAF52B1244D00064AAB9 /* ImageListViewController.swift */ = {isa = PBXFileReference; lastKnownFileType = sourcecode.swift; path = ImageListViewController.swift; sourceTree = "<group>"; };
		9198FAF82B1244DF0064AAB9 /* ImageListView.storyboard */ = {isa = PBXFileReference; lastKnownFileType = file.storyboard; path = ImageListView.storyboard; sourceTree = "<group>"; };
		9198FAFB2B12454E0064AAB9 /* LocalStorage.swift */ = {isa = PBXFileReference; lastKnownFileType = sourcecode.swift; path = LocalStorage.swift; sourceTree = "<group>"; };
		9198FAFF2B12515A0064AAB9 /* ListViewCell.swift */ = {isa = PBXFileReference; lastKnownFileType = sourcecode.swift; path = ListViewCell.swift; sourceTree = "<group>"; };
		9198FB012B1267AD0064AAB9 /* Networking.swift */ = {isa = PBXFileReference; lastKnownFileType = sourcecode.swift; path = Networking.swift; sourceTree = "<group>"; };
		9198FB042B1274B60064AAB9 /* Data Model.xcdatamodel */ = {isa = PBXFileReference; lastKnownFileType = wrapper.xcdatamodel; path = "Data Model.xcdatamodel"; sourceTree = "<group>"; };
		9FE4D0F33FCBEC1D8290A401 /* Pods-GalleryApp.release.xcconfig */ = {isa = PBXFileReference; includeInIndex = 1; lastKnownFileType = text.xcconfig; name = "Pods-GalleryApp.release.xcconfig"; path = "Target Support Files/Pods-GalleryApp/Pods-GalleryApp.release.xcconfig"; sourceTree = "<group>"; };
		CC330EB151104CE1B615E05E /* Pods-GalleryApp.debug.xcconfig */ = {isa = PBXFileReference; includeInIndex = 1; lastKnownFileType = text.xcconfig; name = "Pods-GalleryApp.debug.xcconfig"; path = "Target Support Files/Pods-GalleryApp/Pods-GalleryApp.debug.xcconfig"; sourceTree = "<group>"; };
		E493FF06DBE9278CD33F3B86 /* Pods_GalleryApp.framework */ = {isa = PBXFileReference; explicitFileType = wrapper.framework; includeInIndex = 0; path = Pods_GalleryApp.framework; sourceTree = BUILT_PRODUCTS_DIR; };
/* End PBXFileReference section */

/* Begin PBXFrameworksBuildPhase section */
		9198FAD22B121DE60064AAB9 /* Frameworks */ = {
			isa = PBXFrameworksBuildPhase;
			buildActionMask = 2147483647;
			files = (
				4C4B77373B1C1EC3305A98AA /* Pods_GalleryApp.framework in Frameworks */,
			);
			runOnlyForDeploymentPostprocessing = 0;
		};
/* End PBXFrameworksBuildPhase section */

/* Begin PBXGroup section */
		91946A5D2B12BB58001973E9 /* Profile */ = {
			isa = PBXGroup;
			children = (
				91946A5E2B12BB58001973E9 /* ProfileView.storyboard */,
				91946A5F2B12BB58001973E9 /* ProfileViewController.swift */,
			);
			path = Profile;
			sourceTree = "<group>";
		};
		9198FACC2B121DE60064AAB9 = {
			isa = PBXGroup;
			children = (
				9198FAD72B121DE60064AAB9 /* GalleryApp */,
				9198FAD62B121DE60064AAB9 /* Products */,
				F40C5DD23634326ED4D16D68 /* Pods */,
				FD690479A4B5F6A157AA1E84 /* Frameworks */,
			);
			sourceTree = "<group>";
		};
		9198FAD62B121DE60064AAB9 /* Products */ = {
			isa = PBXGroup;
			children = (
				9198FAD52B121DE60064AAB9 /* GalleryApp.app */,
			);
			name = Products;
			sourceTree = "<group>";
		};
		9198FAD72B121DE60064AAB9 /* GalleryApp */ = {
			isa = PBXGroup;
			children = (
				9198FAD82B121DE60064AAB9 /* AppDelegate.swift */,
				9198FADA2B121DE60064AAB9 /* SceneDelegate.swift */,
				9198FADC2B121DE60064AAB9 /* ViewController.swift */,
				9198FADE2B121DE60064AAB9 /* Main.storyboard */,
				9198FAEC2B122C770064AAB9 /* Login */,
				9198FAF42B12449D0064AAB9 /* ImageList */,
				91946A5D2B12BB58001973E9 /* Profile */,
				9198FAFA2B1245390064AAB9 /* Helper Classes */,
				9198FAE12B121DEA0064AAB9 /* Assets.xcassets */,
				9198FAE32B121DEA0064AAB9 /* LaunchScreen.storyboard */,
				9198FAE62B121DEA0064AAB9 /* Info.plist */,
				9198FB032B1274B60064AAB9 /* Data Model.xcdatamodeld */,
			);
			path = GalleryApp;
			sourceTree = "<group>";
		};
		9198FAEC2B122C770064AAB9 /* Login */ = {
			isa = PBXGroup;
			children = (
				9198FAED2B122C9E0064AAB9 /* LoginViewController.swift */,
				9198FAEF2B122CAC0064AAB9 /* LoginView.storyboard */,
				9198FAF12B122EB20064AAB9 /* LoginViewModel.swift */,
			);
			path = Login;
			sourceTree = "<group>";
		};
		9198FAF42B12449D0064AAB9 /* ImageList */ = {
			isa = PBXGroup;
			children = (
				9198FAF52B1244D00064AAB9 /* ImageListViewController.swift */,
				9198FAF82B1244DF0064AAB9 /* ImageListView.storyboard */,
				9198FAFF2B12515A0064AAB9 /* ListViewCell.swift */,
			);
			path = ImageList;
			sourceTree = "<group>";
		};
		9198FAFA2B1245390064AAB9 /* Helper Classes */ = {
			isa = PBXGroup;
			children = (
				9198FAFB2B12454E0064AAB9 /* LocalStorage.swift */,
				9198FB012B1267AD0064AAB9 /* Networking.swift */,
				912485972B12780D00FCC4F8 /* CoreDataStack.swift */,
				912485992B127A6B00FCC4F8 /* InternetConnectivity.swift */,
				91946A622B12BE26001973E9 /* UIImageView+Ext.swift */,
			);
			path = "Helper Classes";
			sourceTree = "<group>";
		};
		F40C5DD23634326ED4D16D68 /* Pods */ = {
			isa = PBXGroup;
			children = (
				CC330EB151104CE1B615E05E /* Pods-GalleryApp.debug.xcconfig */,
				9FE4D0F33FCBEC1D8290A401 /* Pods-GalleryApp.release.xcconfig */,
			);
			path = Pods;
			sourceTree = "<group>";
		};
		FD690479A4B5F6A157AA1E84 /* Frameworks */ = {
			isa = PBXGroup;
			children = (
				E493FF06DBE9278CD33F3B86 /* Pods_GalleryApp.framework */,
			);
			name = Frameworks;
			sourceTree = "<group>";
		};
/* End PBXGroup section */

/* Begin PBXNativeTarget section */
		9198FAD42B121DE60064AAB9 /* GalleryApp */ = {
			isa = PBXNativeTarget;
			buildConfigurationList = 9198FAE92B121DEA0064AAB9 /* Build configuration list for PBXNativeTarget "GalleryApp" */;
			buildPhases = (
				620BF074A5CD2BB0D14E39B8 /* [CP] Check Pods Manifest.lock */,
				9198FAD12B121DE60064AAB9 /* Sources */,
				9198FAD22B121DE60064AAB9 /* Frameworks */,
				9198FAD32B121DE60064AAB9 /* Resources */,
				BD6011B7E908F7AA88002965 /* [CP] Embed Pods Frameworks */,
			);
			buildRules = (
			);
			dependencies = (
			);
			name = GalleryApp;
			productName = GalleryApp;
			productReference = 9198FAD52B121DE60064AAB9 /* GalleryApp.app */;
			productType = "com.apple.product-type.application";
		};
/* End PBXNativeTarget section */

/* Begin PBXProject section */
		9198FACD2B121DE60064AAB9 /* Project object */ = {
			isa = PBXProject;
			attributes = {
				BuildIndependentTargetsInParallel = 1;
				LastSwiftUpdateCheck = 1430;
				LastUpgradeCheck = 1430;
				TargetAttributes = {
					9198FAD42B121DE60064AAB9 = {
						CreatedOnToolsVersion = 14.3.1;
					};
				};
			};
			buildConfigurationList = 9198FAD02B121DE60064AAB9 /* Build configuration list for PBXProject "GalleryApp" */;
			compatibilityVersion = "Xcode 14.0";
			developmentRegion = en;
			hasScannedForEncodings = 0;
			knownRegions = (
				en,
				Base,
			);
			mainGroup = 9198FACC2B121DE60064AAB9;
			productRefGroup = 9198FAD62B121DE60064AAB9 /* Products */;
			projectDirPath = "";
			projectRoot = "";
			targets = (
				9198FAD42B121DE60064AAB9 /* GalleryApp */,
			);
		};
/* End PBXProject section */

/* Begin PBXResourcesBuildPhase section */
		9198FAD32B121DE60064AAB9 /* Resources */ = {
			isa = PBXResourcesBuildPhase;
			buildActionMask = 2147483647;
			files = (
				9198FAE52B121DEA0064AAB9 /* LaunchScreen.storyboard in Resources */,
				9198FAF92B1244DF0064AAB9 /* ImageListView.storyboard in Resources */,
				9198FAE22B121DEA0064AAB9 /* Assets.xcassets in Resources */,
				9198FAE02B121DE60064AAB9 /* Main.storyboard in Resources */,
				9198FAF02B122CAC0064AAB9 /* LoginView.storyboard in Resources */,
				91946A602B12BB59001973E9 /* ProfileView.storyboard in Resources */,
			);
			runOnlyForDeploymentPostprocessing = 0;
		};
/* End PBXResourcesBuildPhase section */

/* Begin PBXShellScriptBuildPhase section */
		620BF074A5CD2BB0D14E39B8 /* [CP] Check Pods Manifest.lock */ = {
			isa = PBXShellScriptBuildPhase;
			buildActionMask = 2147483647;
			files = (
			);
			inputFileListPaths = (
			);
			inputPaths = (
				"${PODS_PODFILE_DIR_PATH}/Podfile.lock",
				"${PODS_ROOT}/Manifest.lock",
			);
			name = "[CP] Check Pods Manifest.lock";
			outputFileListPaths = (
			);
			outputPaths = (
				"$(DERIVED_FILE_DIR)/Pods-GalleryApp-checkManifestLockResult.txt",
			);
			runOnlyForDeploymentPostprocessing = 0;
			shellPath = /bin/sh;
			shellScript = "diff \"${PODS_PODFILE_DIR_PATH}/Podfile.lock\" \"${PODS_ROOT}/Manifest.lock\" > /dev/null\nif [ $? != 0 ] ; then\n    # print error to STDERR\n    echo \"error: The sandbox is not in sync with the Podfile.lock. Run 'pod install' or update your CocoaPods installation.\" >&2\n    exit 1\nfi\n# This output is used by Xcode 'outputs' to avoid re-running this script phase.\necho \"SUCCESS\" > \"${SCRIPT_OUTPUT_FILE_0}\"\n";
			showEnvVarsInLog = 0;
		};
		BD6011B7E908F7AA88002965 /* [CP] Embed Pods Frameworks */ = {
			isa = PBXShellScriptBuildPhase;
			buildActionMask = 2147483647;
			files = (
			);
			inputFileListPaths = (
				"${PODS_ROOT}/Target Support Files/Pods-GalleryApp/Pods-GalleryApp-frameworks-${CONFIGURATION}-input-files.xcfilelist",
			);
			name = "[CP] Embed Pods Frameworks";
			outputFileListPaths = (
				"${PODS_ROOT}/Target Support Files/Pods-GalleryApp/Pods-GalleryApp-frameworks-${CONFIGURATION}-output-files.xcfilelist",
			);
			runOnlyForDeploymentPostprocessing = 0;
			shellPath = /bin/sh;
			shellScript = "\"${PODS_ROOT}/Target Support Files/Pods-GalleryApp/Pods-GalleryApp-frameworks.sh\"\n";
			showEnvVarsInLog = 0;
		};
/* End PBXShellScriptBuildPhase section */

/* Begin PBXSourcesBuildPhase section */
		9198FAD12B121DE60064AAB9 /* Sources */ = {
			isa = PBXSourcesBuildPhase;
			buildActionMask = 2147483647;
			files = (
				9198FB052B1274B60064AAB9 /* Data Model.xcdatamodeld in Sources */,
				9198FAF62B1244D00064AAB9 /* ImageListViewController.swift in Sources */,
				9198FAEE2B122C9E0064AAB9 /* LoginViewController.swift in Sources */,
				9198FADD2B121DE60064AAB9 /* ViewController.swift in Sources */,
				9198FB022B1267AD0064AAB9 /* Networking.swift in Sources */,
				9198FAD92B121DE60064AAB9 /* AppDelegate.swift in Sources */,
				91946A632B12BE26001973E9 /* UIImageView+Ext.swift in Sources */,
				912485982B12780D00FCC4F8 /* CoreDataStack.swift in Sources */,
				9198FB002B12515A0064AAB9 /* ListViewCell.swift in Sources */,
				9198FAF22B122EB20064AAB9 /* LoginViewModel.swift in Sources */,
				9124859A2B127A6B00FCC4F8 /* InternetConnectivity.swift in Sources */,
				91946A612B12BB59001973E9 /* ProfileViewController.swift in Sources */,
				9198FAFC2B12454E0064AAB9 /* LocalStorage.swift in Sources */,
				9198FADB2B121DE60064AAB9 /* SceneDelegate.swift in Sources */,
			);
			runOnlyForDeploymentPostprocessing = 0;
		};
/* End PBXSourcesBuildPhase section */

/* Begin PBXVariantGroup section */
		9198FADE2B121DE60064AAB9 /* Main.storyboard */ = {
			isa = PBXVariantGroup;
			children = (
				9198FADF2B121DE60064AAB9 /* Base */,
			);
			name = Main.storyboard;
			sourceTree = "<group>";
		};
		9198FAE32B121DEA0064AAB9 /* LaunchScreen.storyboard */ = {
			isa = PBXVariantGroup;
			children = (
				9198FAE42B121DEA0064AAB9 /* Base */,
			);
			name = LaunchScreen.storyboard;
			sourceTree = "<group>";
		};
/* End PBXVariantGroup section */

/* Begin XCBuildConfiguration section */
		9198FAE72B121DEA0064AAB9 /* Debug */ = {
			isa = XCBuildConfiguration;
			buildSettings = {
				ALWAYS_SEARCH_USER_PATHS = NO;
				CLANG_ANALYZER_NONNULL = YES;
				CLANG_ANALYZER_NUMBER_OBJECT_CONVERSION = YES_AGGRESSIVE;
				CLANG_CXX_LANGUAGE_STANDARD = "gnu++20";
				CLANG_ENABLE_MODULES = YES;
				CLANG_ENABLE_OBJC_ARC = YES;
				CLANG_ENABLE_OBJC_WEAK = YES;
				CLANG_WARN_BLOCK_CAPTURE_AUTORELEASING = YES;
				CLANG_WARN_BOOL_CONVERSION = YES;
				CLANG_WARN_COMMA = YES;
				CLANG_WARN_CONSTANT_CONVERSION = YES;
				CLANG_WARN_DEPRECATED_OBJC_IMPLEMENTATIONS = YES;
				CLANG_WARN_DIRECT_OBJC_ISA_USAGE = YES_ERROR;
				CLANG_WARN_DOCUMENTATION_COMMENTS = YES;
				CLANG_WARN_EMPTY_BODY = YES;
				CLANG_WARN_ENUM_CONVERSION = YES;
				CLANG_WARN_INFINITE_RECURSION = YES;
				CLANG_WARN_INT_CONVERSION = YES;
				CLANG_WARN_NON_LITERAL_NULL_CONVERSION = YES;
				CLANG_WARN_OBJC_IMPLICIT_RETAIN_SELF = YES;
				CLANG_WARN_OBJC_LITERAL_CONVERSION = YES;
				CLANG_WARN_OBJC_ROOT_CLASS = YES_ERROR;
				CLANG_WARN_QUOTED_INCLUDE_IN_FRAMEWORK_HEADER = YES;
				CLANG_WARN_RANGE_LOOP_ANALYSIS = YES;
				CLANG_WARN_STRICT_PROTOTYPES = YES;
				CLANG_WARN_SUSPICIOUS_MOVE = YES;
				CLANG_WARN_UNGUARDED_AVAILABILITY = YES_AGGRESSIVE;
				CLANG_WARN_UNREACHABLE_CODE = YES;
				CLANG_WARN__DUPLICATE_METHOD_MATCH = YES;
				COPY_PHASE_STRIP = NO;
				DEBUG_INFORMATION_FORMAT = dwarf;
				ENABLE_STRICT_OBJC_MSGSEND = YES;
				ENABLE_TESTABILITY = YES;
				GCC_C_LANGUAGE_STANDARD = gnu11;
				GCC_DYNAMIC_NO_PIC = NO;
				GCC_NO_COMMON_BLOCKS = YES;
				GCC_OPTIMIZATION_LEVEL = 0;
				GCC_PREPROCESSOR_DEFINITIONS = (
					"DEBUG=1",
					"$(inherited)",
				);
				GCC_WARN_64_TO_32_BIT_CONVERSION = YES;
				GCC_WARN_ABOUT_RETURN_TYPE = YES_ERROR;
				GCC_WARN_UNDECLARED_SELECTOR = YES;
				GCC_WARN_UNINITIALIZED_AUTOS = YES_AGGRESSIVE;
				GCC_WARN_UNUSED_FUNCTION = YES;
				GCC_WARN_UNUSED_VARIABLE = YES;
				IPHONEOS_DEPLOYMENT_TARGET = 16.4;
				MTL_ENABLE_DEBUG_INFO = INCLUDE_SOURCE;
				MTL_FAST_MATH = YES;
				ONLY_ACTIVE_ARCH = YES;
				SDKROOT = iphoneos;
				SWIFT_ACTIVE_COMPILATION_CONDITIONS = DEBUG;
				SWIFT_OPTIMIZATION_LEVEL = "-Onone";
			};
			name = Debug;
		};
		9198FAE82B121DEA0064AAB9 /* Release */ = {
			isa = XCBuildConfiguration;
			buildSettings = {
				ALWAYS_SEARCH_USER_PATHS = NO;
				CLANG_ANALYZER_NONNULL = YES;
				CLANG_ANALYZER_NUMBER_OBJECT_CONVERSION = YES_AGGRESSIVE;
				CLANG_CXX_LANGUAGE_STANDARD = "gnu++20";
				CLANG_ENABLE_MODULES = YES;
				CLANG_ENABLE_OBJC_ARC = YES;
				CLANG_ENABLE_OBJC_WEAK = YES;
				CLANG_WARN_BLOCK_CAPTURE_AUTORELEASING = YES;
				CLANG_WARN_BOOL_CONVERSION = YES;
				CLANG_WARN_COMMA = YES;
				CLANG_WARN_CONSTANT_CONVERSION = YES;
				CLANG_WARN_DEPRECATED_OBJC_IMPLEMENTATIONS = YES;
				CLANG_WARN_DIRECT_OBJC_ISA_USAGE = YES_ERROR;
				CLANG_WARN_DOCUMENTATION_COMMENTS = YES;
				CLANG_WARN_EMPTY_BODY = YES;
				CLANG_WARN_ENUM_CONVERSION = YES;
				CLANG_WARN_INFINITE_RECURSION = YES;
				CLANG_WARN_INT_CONVERSION = YES;
				CLANG_WARN_NON_LITERAL_NULL_CONVERSION = YES;
				CLANG_WARN_OBJC_IMPLICIT_RETAIN_SELF = YES;
				CLANG_WARN_OBJC_LITERAL_CONVERSION = YES;
				CLANG_WARN_OBJC_ROOT_CLASS = YES_ERROR;
				CLANG_WARN_QUOTED_INCLUDE_IN_FRAMEWORK_HEADER = YES;
				CLANG_WARN_RANGE_LOOP_ANALYSIS = YES;
				CLANG_WARN_STRICT_PROTOTYPES = YES;
				CLANG_WARN_SUSPICIOUS_MOVE = YES;
				CLANG_WARN_UNGUARDED_AVAILABILITY = YES_AGGRESSIVE;
				CLANG_WARN_UNREACHABLE_CODE = YES;
				CLANG_WARN__DUPLICATE_METHOD_MATCH = YES;
				COPY_PHASE_STRIP = NO;
				DEBUG_INFORMATION_FORMAT = "dwarf-with-dsym";
				ENABLE_NS_ASSERTIONS = NO;
				ENABLE_STRICT_OBJC_MSGSEND = YES;
				GCC_C_LANGUAGE_STANDARD = gnu11;
				GCC_NO_COMMON_BLOCKS = YES;
				GCC_WARN_64_TO_32_BIT_CONVERSION = YES;
				GCC_WARN_ABOUT_RETURN_TYPE = YES_ERROR;
				GCC_WARN_UNDECLARED_SELECTOR = YES;
				GCC_WARN_UNINITIALIZED_AUTOS = YES_AGGRESSIVE;
				GCC_WARN_UNUSED_FUNCTION = YES;
				GCC_WARN_UNUSED_VARIABLE = YES;
				IPHONEOS_DEPLOYMENT_TARGET = 16.4;
				MTL_ENABLE_DEBUG_INFO = NO;
				MTL_FAST_MATH = YES;
				SDKROOT = iphoneos;
				SWIFT_COMPILATION_MODE = wholemodule;
				SWIFT_OPTIMIZATION_LEVEL = "-O";
				VALIDATE_PRODUCT = YES;
			};
			name = Release;
		};
		9198FAEA2B121DEA0064AAB9 /* Debug */ = {
			isa = XCBuildConfiguration;
			baseConfigurationReference = CC330EB151104CE1B615E05E /* Pods-GalleryApp.debug.xcconfig */;
			buildSettings = {
				ASSETCATALOG_COMPILER_APPICON_NAME = AppIcon;
				ASSETCATALOG_COMPILER_GLOBAL_ACCENT_COLOR_NAME = AccentColor;
				CODE_SIGN_STYLE = Automatic;
				CURRENT_PROJECT_VERSION = 1;
				DEVELOPMENT_TEAM = 3354WQF62Q;
				GENERATE_INFOPLIST_FILE = YES;
				INFOPLIST_FILE = GalleryApp/Info.plist;
				INFOPLIST_KEY_UIApplicationSupportsIndirectInputEvents = YES;
				INFOPLIST_KEY_UILaunchStoryboardName = LaunchScreen;
				INFOPLIST_KEY_UIMainStoryboardFile = Main;
				INFOPLIST_KEY_UISupportedInterfaceOrientations = UIInterfaceOrientationPortrait;
				INFOPLIST_KEY_UISupportedInterfaceOrientations_iPad = "UIInterfaceOrientationLandscapeLeft UIInterfaceOrientationLandscapeRight UIInterfaceOrientationPortrait UIInterfaceOrientationPortraitUpsideDown";
				LD_RUNPATH_SEARCH_PATHS = (
					"$(inherited)",
					"@executable_path/Frameworks",
				);
				MARKETING_VERSION = 1.0;
				PRODUCT_BUNDLE_IDENTIFIER = com.sample.GalleryApp;
				PRODUCT_NAME = "$(TARGET_NAME)";
				SUPPORTED_PLATFORMS = "iphoneos iphonesimulator";
				SUPPORTS_MACCATALYST = NO;
				SUPPORTS_MAC_DESIGNED_FOR_IPHONE_IPAD = YES;
				SWIFT_EMIT_LOC_STRINGS = YES;
				SWIFT_VERSION = 5.0;
				TARGETED_DEVICE_FAMILY = 1;
			};
			name = Debug;
		};
		9198FAEB2B121DEA0064AAB9 /* Release */ = {
			isa = XCBuildConfiguration;
			baseConfigurationReference = 9FE4D0F33FCBEC1D8290A401 /* Pods-GalleryApp.release.xcconfig */;
			buildSettings = {
				ASSETCATALOG_COMPILER_APPICON_NAME = AppIcon;
				ASSETCATALOG_COMPILER_GLOBAL_ACCENT_COLOR_NAME = AccentColor;
				CODE_SIGN_STYLE = Automatic;
				CURRENT_PROJECT_VERSION = 1;
				DEVELOPMENT_TEAM = 3354WQF62Q;
				GENERATE_INFOPLIST_FILE = YES;
				INFOPLIST_FILE = GalleryApp/Info.plist;
				INFOPLIST_KEY_UIApplicationSupportsIndirectInputEvents = YES;
				INFOPLIST_KEY_UILaunchStoryboardName = LaunchScreen;
				INFOPLIST_KEY_UIMainStoryboardFile = Main;
				INFOPLIST_KEY_UISupportedInterfaceOrientations = UIInterfaceOrientationPortrait;
				INFOPLIST_KEY_UISupportedInterfaceOrientations_iPad = "UIInterfaceOrientationLandscapeLeft UIInterfaceOrientationLandscapeRight UIInterfaceOrientationPortrait UIInterfaceOrientationPortraitUpsideDown";
				LD_RUNPATH_SEARCH_PATHS = (
					"$(inherited)",
					"@executable_path/Frameworks",
				);
				MARKETING_VERSION = 1.0;
				PRODUCT_BUNDLE_IDENTIFIER = com.sample.GalleryApp;
				PRODUCT_NAME = "$(TARGET_NAME)";
				SUPPORTED_PLATFORMS = "iphoneos iphonesimulator";
				SUPPORTS_MACCATALYST = NO;
				SUPPORTS_MAC_DESIGNED_FOR_IPHONE_IPAD = YES;
				SWIFT_EMIT_LOC_STRINGS = YES;
				SWIFT_VERSION = 5.0;
				TARGETED_DEVICE_FAMILY = 1;
			};
			name = Release;
		};
/* End XCBuildConfiguration section */

/* Begin XCConfigurationList section */
		9198FAD02B121DE60064AAB9 /* Build configuration list for PBXProject "GalleryApp" */ = {
			isa = XCConfigurationList;
			buildConfigurations = (
				9198FAE72B121DEA0064AAB9 /* Debug */,
				9198FAE82B121DEA0064AAB9 /* Release */,
			);
			defaultConfigurationIsVisible = 0;
			defaultConfigurationName = Release;
		};
		9198FAE92B121DEA0064AAB9 /* Build configuration list for PBXNativeTarget "GalleryApp" */ = {
			isa = XCConfigurationList;
			buildConfigurations = (
				9198FAEA2B121DEA0064AAB9 /* Debug */,
				9198FAEB2B121DEA0064AAB9 /* Release */,
			);
			defaultConfigurationIsVisible = 0;
			defaultConfigurationName = Release;
		};
/* End XCConfigurationList section */

/* Begin XCVersionGroup section */
		9198FB032B1274B60064AAB9 /* Data Model.xcdatamodeld */ = {
			isa = XCVersionGroup;
			children = (
				9198FB042B1274B60064AAB9 /* Data Model.xcdatamodel */,
			);
			currentVersion = 9198FB042B1274B60064AAB9 /* Data Model.xcdatamodel */;
			path = "Data Model.xcdatamodeld";
			sourceTree = "<group>";
			versionGroupType = wrapper.xcdatamodel;
		};
/* End XCVersionGroup section */
	};
	rootObject = 9198FACD2B121DE60064AAB9 /* Project object */;
}
